// !$*UTF8*$!
{
	archiveVersion = 1;
	classes = {
	};
	objectVersion = 56;
	objects = {

/* Begin PBXBuildFile section */
		0314F94429C36461001ED442 /* panorama.framework in Frameworks */ = {isa = PBXBuildFile; fileRef = 0314F94329C36461001ED442 /* panorama.framework */; };
		0314F94529C36461001ED442 /* panorama.framework in Embed Frameworks */ = {isa = PBXBuildFile; fileRef = 0314F94329C36461001ED442 /* panorama.framework */; settings = {ATTRIBUTES = (CodeSignOnCopy, RemoveHeadersOnCopy, ); }; };
		0314F95429C37DFF001ED442 /* RootComposer.swift in Sources */ = {isa = PBXBuildFile; fileRef = 0314F95329C37DFF001ED442 /* RootComposer.swift */; };
		0314F95629C38059001ED442 /* FileManager+localURL.swift in Sources */ = {isa = PBXBuildFile; fileRef = 0314F95529C38059001ED442 /* FileManager+localURL.swift */; };
		0358065929C34BD40081EC2F /* AppDelegate.swift in Sources */ = {isa = PBXBuildFile; fileRef = 0358065829C34BD40081EC2F /* AppDelegate.swift */; };
		0358065B29C34BD40081EC2F /* SceneDelegate.swift in Sources */ = {isa = PBXBuildFile; fileRef = 0358065A29C34BD40081EC2F /* SceneDelegate.swift */; };
		0358066229C34BD50081EC2F /* Assets.xcassets in Resources */ = {isa = PBXBuildFile; fileRef = 0358066129C34BD50081EC2F /* Assets.xcassets */; };
		0358066529C34BD50081EC2F /* LaunchScreen.storyboard in Resources */ = {isa = PBXBuildFile; fileRef = 0358066329C34BD50081EC2F /* LaunchScreen.storyboard */; };
/* End PBXBuildFile section */

/* Begin PBXContainerItemProxy section */
		0358066C29C34BD50081EC2F /* PBXContainerItemProxy */ = {
			isa = PBXContainerItemProxy;
			containerPortal = 0358064D29C34BD40081EC2F /* Project object */;
			proxyType = 1;
			remoteGlobalIDString = 0358065429C34BD40081EC2F;
			remoteInfo = example;
		};
		0358067629C34BD50081EC2F /* PBXContainerItemProxy */ = {
			isa = PBXContainerItemProxy;
			containerPortal = 0358064D29C34BD40081EC2F /* Project object */;
			proxyType = 1;
			remoteGlobalIDString = 0358065429C34BD40081EC2F;
			remoteInfo = example;
		};
/* End PBXContainerItemProxy section */

/* Begin PBXCopyFilesBuildPhase section */
		0314F94629C36461001ED442 /* Embed Frameworks */ = {
			isa = PBXCopyFilesBuildPhase;
			buildActionMask = 2147483647;
			dstPath = "";
			dstSubfolderSpec = 10;
			files = (
				0314F94529C36461001ED442 /* panorama.framework in Embed Frameworks */,
			);
			name = "Embed Frameworks";
			runOnlyForDeploymentPostprocessing = 0;
		};
/* End PBXCopyFilesBuildPhase section */

/* Begin PBXFileReference section */
		0314F94329C36461001ED442 /* panorama.framework */ = {isa = PBXFileReference; explicitFileType = wrapper.framework; path = panorama.framework; sourceTree = BUILT_PRODUCTS_DIR; };
		0314F95329C37DFF001ED442 /* RootComposer.swift */ = {isa = PBXFileReference; lastKnownFileType = sourcecode.swift; path = RootComposer.swift; sourceTree = "<group>"; };
		0314F95529C38059001ED442 /* FileManager+localURL.swift */ = {isa = PBXFileReference; lastKnownFileType = sourcecode.swift; path = "FileManager+localURL.swift"; sourceTree = "<group>"; };
		0358065529C34BD40081EC2F /* example.app */ = {isa = PBXFileReference; explicitFileType = wrapper.application; includeInIndex = 0; path = example.app; sourceTree = BUILT_PRODUCTS_DIR; };
		0358065829C34BD40081EC2F /* AppDelegate.swift */ = {isa = PBXFileReference; lastKnownFileType = sourcecode.swift; path = AppDelegate.swift; sourceTree = "<group>"; };
		0358065A29C34BD40081EC2F /* SceneDelegate.swift */ = {isa = PBXFileReference; lastKnownFileType = sourcecode.swift; path = SceneDelegate.swift; sourceTree = "<group>"; };
		0358066129C34BD50081EC2F /* Assets.xcassets */ = {isa = PBXFileReference; lastKnownFileType = folder.assetcatalog; path = Assets.xcassets; sourceTree = "<group>"; };
		0358066429C34BD50081EC2F /* Base */ = {isa = PBXFileReference; lastKnownFileType = file.storyboard; name = Base; path = Base.lproj/LaunchScreen.storyboard; sourceTree = "<group>"; };
		0358066629C34BD50081EC2F /* Info.plist */ = {isa = PBXFileReference; lastKnownFileType = text.plist.xml; path = Info.plist; sourceTree = "<group>"; };
		0358066B29C34BD50081EC2F /* exampleTests.xctest */ = {isa = PBXFileReference; explicitFileType = wrapper.cfbundle; includeInIndex = 0; path = exampleTests.xctest; sourceTree = BUILT_PRODUCTS_DIR; };
		0358067529C34BD50081EC2F /* exampleUITests.xctest */ = {isa = PBXFileReference; explicitFileType = wrapper.cfbundle; includeInIndex = 0; path = exampleUITests.xctest; sourceTree = BUILT_PRODUCTS_DIR; };
/* End PBXFileReference section */

/* Begin PBXFrameworksBuildPhase section */
		0358065229C34BD40081EC2F /* Frameworks */ = {
			isa = PBXFrameworksBuildPhase;
			buildActionMask = 2147483647;
			files = (
				0314F94429C36461001ED442 /* panorama.framework in Frameworks */,
			);
			runOnlyForDeploymentPostprocessing = 0;
		};
		0358066829C34BD50081EC2F /* Frameworks */ = {
			isa = PBXFrameworksBuildPhase;
			buildActionMask = 2147483647;
			files = (
			);
			runOnlyForDeploymentPostprocessing = 0;
		};
		0358067229C34BD50081EC2F /* Frameworks */ = {
			isa = PBXFrameworksBuildPhase;
			buildActionMask = 2147483647;
			files = (
			);
			runOnlyForDeploymentPostprocessing = 0;
		};
/* End PBXFrameworksBuildPhase section */

/* Begin PBXGroup section */
		0314F94229C36461001ED442 /* Frameworks */ = {
			isa = PBXGroup;
			children = (
				0314F94329C36461001ED442 /* panorama.framework */,
			);
			name = Frameworks;
			sourceTree = "<group>";
		};
		0358064C29C34BD40081EC2F = {
			isa = PBXGroup;
			children = (
				0358065729C34BD40081EC2F /* example */,
				0358065629C34BD40081EC2F /* Products */,
				0314F94229C36461001ED442 /* Frameworks */,
			);
			sourceTree = "<group>";
		};
		0358065629C34BD40081EC2F /* Products */ = {
			isa = PBXGroup;
			children = (
				0358065529C34BD40081EC2F /* example.app */,
				0358066B29C34BD50081EC2F /* exampleTests.xctest */,
				0358067529C34BD50081EC2F /* exampleUITests.xctest */,
			);
			name = Products;
			sourceTree = "<group>";
		};
		0358065729C34BD40081EC2F /* example */ = {
			isa = PBXGroup;
			children = (
				0358065829C34BD40081EC2F /* AppDelegate.swift */,
				0358065A29C34BD40081EC2F /* SceneDelegate.swift */,
				0358066129C34BD50081EC2F /* Assets.xcassets */,
				0358066329C34BD50081EC2F /* LaunchScreen.storyboard */,
				0358066629C34BD50081EC2F /* Info.plist */,
				0314F95329C37DFF001ED442 /* RootComposer.swift */,
				0314F95529C38059001ED442 /* FileManager+localURL.swift */,
			);
			path = example;
			sourceTree = "<group>";
		};
/* End PBXGroup section */

/* Begin PBXNativeTarget section */
		0358065429C34BD40081EC2F /* example */ = {
			isa = PBXNativeTarget;
			buildConfigurationList = 0358067F29C34BD50081EC2F /* Build configuration list for PBXNativeTarget "example" */;
			buildPhases = (
				0358065129C34BD40081EC2F /* Sources */,
				0358065229C34BD40081EC2F /* Frameworks */,
				0358065329C34BD40081EC2F /* Resources */,
				0314F94629C36461001ED442 /* Embed Frameworks */,
			);
			buildRules = (
			);
			dependencies = (
			);
			name = example;
			productName = example;
			productReference = 0358065529C34BD40081EC2F /* example.app */;
			productType = "com.apple.product-type.application";
		};
		0358066A29C34BD50081EC2F /* exampleTests */ = {
			isa = PBXNativeTarget;
			buildConfigurationList = 0358068229C34BD50081EC2F /* Build configuration list for PBXNativeTarget "exampleTests" */;
			buildPhases = (
				0358066729C34BD50081EC2F /* Sources */,
				0358066829C34BD50081EC2F /* Frameworks */,
				0358066929C34BD50081EC2F /* Resources */,
			);
			buildRules = (
			);
			dependencies = (
				0358066D29C34BD50081EC2F /* PBXTargetDependency */,
			);
			name = exampleTests;
			productName = exampleTests;
			productReference = 0358066B29C34BD50081EC2F /* exampleTests.xctest */;
			productType = "com.apple.product-type.bundle.unit-test";
		};
		0358067429C34BD50081EC2F /* exampleUITests */ = {
			isa = PBXNativeTarget;
			buildConfigurationList = 0358068529C34BD50081EC2F /* Build configuration list for PBXNativeTarget "exampleUITests" */;
			buildPhases = (
				0358067129C34BD50081EC2F /* Sources */,
				0358067229C34BD50081EC2F /* Frameworks */,
				0358067329C34BD50081EC2F /* Resources */,
			);
			buildRules = (
			);
			dependencies = (
				0358067729C34BD50081EC2F /* PBXTargetDependency */,
			);
			name = exampleUITests;
			productName = exampleUITests;
			productReference = 0358067529C34BD50081EC2F /* exampleUITests.xctest */;
			productType = "com.apple.product-type.bundle.ui-testing";
		};
/* End PBXNativeTarget section */

/* Begin PBXProject section */
		0358064D29C34BD40081EC2F /* Project object */ = {
			isa = PBXProject;
			attributes = {
				BuildIndependentTargetsInParallel = 1;
				LastSwiftUpdateCheck = 1420;
				LastUpgradeCheck = 1420;
				TargetAttributes = {
					0358065429C34BD40081EC2F = {
						CreatedOnToolsVersion = 14.2;
					};
					0358066A29C34BD50081EC2F = {
						CreatedOnToolsVersion = 14.2;
						TestTargetID = 0358065429C34BD40081EC2F;
					};
					0358067429C34BD50081EC2F = {
						CreatedOnToolsVersion = 14.2;
						TestTargetID = 0358065429C34BD40081EC2F;
					};
				};
			};
			buildConfigurationList = 0358065029C34BD40081EC2F /* Build configuration list for PBXProject "example" */;
			compatibilityVersion = "Xcode 14.0";
			developmentRegion = en;
			hasScannedForEncodings = 0;
			knownRegions = (
				en,
				Base,
			);
			mainGroup = 0358064C29C34BD40081EC2F;
			productRefGroup = 0358065629C34BD40081EC2F /* Products */;
			projectDirPath = "";
			projectRoot = "";
			targets = (
				0358065429C34BD40081EC2F /* example */,
				0358066A29C34BD50081EC2F /* exampleTests */,
				0358067429C34BD50081EC2F /* exampleUITests */,
			);
		};
/* End PBXProject section */

/* Begin PBXResourcesBuildPhase section */
		0358065329C34BD40081EC2F /* Resources */ = {
			isa = PBXResourcesBuildPhase;
			buildActionMask = 2147483647;
			files = (
				0358066529C34BD50081EC2F /* LaunchScreen.storyboard in Resources */,
				0358066229C34BD50081EC2F /* Assets.xcassets in Resources */,
			);
			runOnlyForDeploymentPostprocessing = 0;
		};
		0358066929C34BD50081EC2F /* Resources */ = {
			isa = PBXResourcesBuildPhase;
			buildActionMask = 2147483647;
			files = (
			);
			runOnlyForDeploymentPostprocessing = 0;
		};
		0358067329C34BD50081EC2F /* Resources */ = {
			isa = PBXResourcesBuildPhase;
			buildActionMask = 2147483647;
			files = (
			);
			runOnlyForDeploymentPostprocessing = 0;
		};
/* End PBXResourcesBuildPhase section */

/* Begin PBXSourcesBuildPhase section */
		0358065129C34BD40081EC2F /* Sources */ = {
			isa = PBXSourcesBuildPhase;
			buildActionMask = 2147483647;
			files = (
				0358065929C34BD40081EC2F /* AppDelegate.swift in Sources */,
				0314F95629C38059001ED442 /* FileManager+localURL.swift in Sources */,
				0314F95429C37DFF001ED442 /* RootComposer.swift in Sources */,
				0358065B29C34BD40081EC2F /* SceneDelegate.swift in Sources */,
			);
			runOnlyForDeploymentPostprocessing = 0;
		};
		0358066729C34BD50081EC2F /* Sources */ = {
			isa = PBXSourcesBuildPhase;
			buildActionMask = 2147483647;
			files = (
			);
			runOnlyForDeploymentPostprocessing = 0;
		};
		0358067129C34BD50081EC2F /* Sources */ = {
			isa = PBXSourcesBuildPhase;
			buildActionMask = 2147483647;
			files = (
			);
			runOnlyForDeploymentPostprocessing = 0;
		};
/* End PBXSourcesBuildPhase section */

/* Begin PBXTargetDependency section */
		0358066D29C34BD50081EC2F /* PBXTargetDependency */ = {
			isa = PBXTargetDependency;
			target = 0358065429C34BD40081EC2F /* example */;
			targetProxy = 0358066C29C34BD50081EC2F /* PBXContainerItemProxy */;
		};
		0358067729C34BD50081EC2F /* PBXTargetDependency */ = {
			isa = PBXTargetDependency;
			target = 0358065429C34BD40081EC2F /* example */;
			targetProxy = 0358067629C34BD50081EC2F /* PBXContainerItemProxy */;
		};
/* End PBXTargetDependency section */

/* Begin PBXVariantGroup section */
		0358066329C34BD50081EC2F /* LaunchScreen.storyboard */ = {
			isa = PBXVariantGroup;
			children = (
				0358066429C34BD50081EC2F /* Base */,
			);
			name = LaunchScreen.storyboard;
			sourceTree = "<group>";
		};
/* End PBXVariantGroup section */

/* Begin XCBuildConfiguration section */
		0358067D29C34BD50081EC2F /* Debug */ = {
			isa = XCBuildConfiguration;
			buildSettings = {
				ALWAYS_SEARCH_USER_PATHS = NO;
				CLANG_ANALYZER_NONNULL = YES;
				CLANG_ANALYZER_NUMBER_OBJECT_CONVERSION = YES_AGGRESSIVE;
				CLANG_CXX_LANGUAGE_STANDARD = "gnu++20";
				CLANG_ENABLE_MODULES = YES;
				CLANG_ENABLE_OBJC_ARC = YES;
				CLANG_ENABLE_OBJC_WEAK = YES;
				CLANG_WARN_BLOCK_CAPTURE_AUTORELEASING = YES;
				CLANG_WARN_BOOL_CONVERSION = YES;
				CLANG_WARN_COMMA = YES;
				CLANG_WARN_CONSTANT_CONVERSION = YES;
				CLANG_WARN_DEPRECATED_OBJC_IMPLEMENTATIONS = YES;
				CLANG_WARN_DIRECT_OBJC_ISA_USAGE = YES_ERROR;
				CLANG_WARN_DOCUMENTATION_COMMENTS = YES;
				CLANG_WARN_EMPTY_BODY = YES;
				CLANG_WARN_ENUM_CONVERSION = YES;
				CLANG_WARN_INFINITE_RECURSION = YES;
				CLANG_WARN_INT_CONVERSION = YES;
				CLANG_WARN_NON_LITERAL_NULL_CONVERSION = YES;
				CLANG_WARN_OBJC_IMPLICIT_RETAIN_SELF = YES;
				CLANG_WARN_OBJC_LITERAL_CONVERSION = YES;
				CLANG_WARN_OBJC_ROOT_CLASS = YES_ERROR;
				CLANG_WARN_QUOTED_INCLUDE_IN_FRAMEWORK_HEADER = YES;
				CLANG_WARN_RANGE_LOOP_ANALYSIS = YES;
				CLANG_WARN_STRICT_PROTOTYPES = YES;
				CLANG_WARN_SUSPICIOUS_MOVE = YES;
				CLANG_WARN_UNGUARDED_AVAILABILITY = YES_AGGRESSIVE;
				CLANG_WARN_UNREACHABLE_CODE = YES;
				CLANG_WARN__DUPLICATE_METHOD_MATCH = YES;
				COPY_PHASE_STRIP = NO;
				DEBUG_INFORMATION_FORMAT = dwarf;
				ENABLE_STRICT_OBJC_MSGSEND = YES;
				ENABLE_TESTABILITY = YES;
				GCC_C_LANGUAGE_STANDARD = gnu11;
				GCC_DYNAMIC_NO_PIC = NO;
				GCC_NO_COMMON_BLOCKS = YES;
				GCC_OPTIMIZATION_LEVEL = 0;
				GCC_PREPROCESSOR_DEFINITIONS = (
					"DEBUG=1",
					"$(inherited)",
				);
				GCC_WARN_64_TO_32_BIT_CONVERSION = YES;
				GCC_WARN_ABOUT_RETURN_TYPE = YES_ERROR;
				GCC_WARN_UNDECLARED_SELECTOR = YES;
				GCC_WARN_UNINITIALIZED_AUTOS = YES_AGGRESSIVE;
				GCC_WARN_UNUSED_FUNCTION = YES;
				GCC_WARN_UNUSED_VARIABLE = YES;
				IPHONEOS_DEPLOYMENT_TARGET = 16.2;
				MTL_ENABLE_DEBUG_INFO = INCLUDE_SOURCE;
				MTL_FAST_MATH = YES;
				ONLY_ACTIVE_ARCH = YES;
				SDKROOT = iphoneos;
				SWIFT_ACTIVE_COMPILATION_CONDITIONS = DEBUG;
				SWIFT_OPTIMIZATION_LEVEL = "-Onone";
			};
			name = Debug;
		};
		0358067E29C34BD50081EC2F /* Release */ = {
			isa = XCBuildConfiguration;
			buildSettings = {
				ALWAYS_SEARCH_USER_PATHS = NO;
				CLANG_ANALYZER_NONNULL = YES;
				CLANG_ANALYZER_NUMBER_OBJECT_CONVERSION = YES_AGGRESSIVE;
				CLANG_CXX_LANGUAGE_STANDARD = "gnu++20";
				CLANG_ENABLE_MODULES = YES;
				CLANG_ENABLE_OBJC_ARC = YES;
				CLANG_ENABLE_OBJC_WEAK = YES;
				CLANG_WARN_BLOCK_CAPTURE_AUTORELEASING = YES;
				CLANG_WARN_BOOL_CONVERSION = YES;
				CLANG_WARN_COMMA = YES;
				CLANG_WARN_CONSTANT_CONVERSION = YES;
				CLANG_WARN_DEPRECATED_OBJC_IMPLEMENTATIONS = YES;
				CLANG_WARN_DIRECT_OBJC_ISA_USAGE = YES_ERROR;
				CLANG_WARN_DOCUMENTATION_COMMENTS = YES;
				CLANG_WARN_EMPTY_BODY = YES;
				CLANG_WARN_ENUM_CONVERSION = YES;
				CLANG_WARN_INFINITE_RECURSION = YES;
				CLANG_WARN_INT_CONVERSION = YES;
				CLANG_WARN_NON_LITERAL_NULL_CONVERSION = YES;
				CLANG_WARN_OBJC_IMPLICIT_RETAIN_SELF = YES;
				CLANG_WARN_OBJC_LITERAL_CONVERSION = YES;
				CLANG_WARN_OBJC_ROOT_CLASS = YES_ERROR;
				CLANG_WARN_QUOTED_INCLUDE_IN_FRAMEWORK_HEADER = YES;
				CLANG_WARN_RANGE_LOOP_ANALYSIS = YES;
				CLANG_WARN_STRICT_PROTOTYPES = YES;
				CLANG_WARN_SUSPICIOUS_MOVE = YES;
				CLANG_WARN_UNGUARDED_AVAILABILITY = YES_AGGRESSIVE;
				CLANG_WARN_UNREACHABLE_CODE = YES;
				CLANG_WARN__DUPLICATE_METHOD_MATCH = YES;
				COPY_PHASE_STRIP = NO;
				DEBUG_INFORMATION_FORMAT = "dwarf-with-dsym";
				ENABLE_NS_ASSERTIONS = NO;
				ENABLE_STRICT_OBJC_MSGSEND = YES;
				GCC_C_LANGUAGE_STANDARD = gnu11;
				GCC_NO_COMMON_BLOCKS = YES;
				GCC_WARN_64_TO_32_BIT_CONVERSION = YES;
				GCC_WARN_ABOUT_RETURN_TYPE = YES_ERROR;
				GCC_WARN_UNDECLARED_SELECTOR = YES;
				GCC_WARN_UNINITIALIZED_AUTOS = YES_AGGRESSIVE;
				GCC_WARN_UNUSED_FUNCTION = YES;
				GCC_WARN_UNUSED_VARIABLE = YES;
				IPHONEOS_DEPLOYMENT_TARGET = 16.2;
				MTL_ENABLE_DEBUG_INFO = NO;
				MTL_FAST_MATH = YES;
				SDKROOT = iphoneos;
				SWIFT_COMPILATION_MODE = wholemodule;
				SWIFT_OPTIMIZATION_LEVEL = "-O";
				VALIDATE_PRODUCT = YES;
			};
			name = Release;
		};
		0358068029C34BD50081EC2F /* Debug */ = {
			isa = XCBuildConfiguration;
			buildSettings = {
				ASSETCATALOG_COMPILER_APPICON_NAME = AppIcon;
				ASSETCATALOG_COMPILER_GLOBAL_ACCENT_COLOR_NAME = AccentColor;
				CODE_SIGN_STYLE = Automatic;
				CURRENT_PROJECT_VERSION = 1;
				DEVELOPMENT_TEAM = 5Q8Z536ZDC;
				GENERATE_INFOPLIST_FILE = YES;
				INFOPLIST_FILE = example/Info.plist;
				INFOPLIST_KEY_UIApplicationSupportsIndirectInputEvents = YES;
				INFOPLIST_KEY_UILaunchStoryboardName = LaunchScreen;
				INFOPLIST_KEY_UISupportedInterfaceOrientations_iPad = "UIInterfaceOrientationPortrait UIInterfaceOrientationPortraitUpsideDown UIInterfaceOrientationLandscapeLeft UIInterfaceOrientationLandscapeRight";
				INFOPLIST_KEY_UISupportedInterfaceOrientations_iPhone = "UIInterfaceOrientationPortrait UIInterfaceOrientationLandscapeLeft UIInterfaceOrientationLandscapeRight";
				LD_RUNPATH_SEARCH_PATHS = (
					"$(inherited)",
					"@executable_path/Frameworks",
				);
				MARKETING_VERSION = 1.0;
				PRODUCT_BUNDLE_IDENTIFIER = com.extendedvision.example;
				PRODUCT_NAME = "$(TARGET_NAME)";
				SWIFT_EMIT_LOC_STRINGS = YES;
				SWIFT_VERSION = 5.0;
				TARGETED_DEVICE_FAMILY = "1,2";
			};
			name = Debug;
		};
		0358068129C34BD50081EC2F /* Release */ = {
			isa = XCBuildConfiguration;
			buildSettings = {
				ASSETCATALOG_COMPILER_APPICON_NAME = AppIcon;
				ASSETCATALOG_COMPILER_GLOBAL_ACCENT_COLOR_NAME = AccentColor;
				CODE_SIGN_STYLE = Automatic;
				CURRENT_PROJECT_VERSION = 1;
				DEVELOPMENT_TEAM = 5Q8Z536ZDC;
				GENERATE_INFOPLIST_FILE = YES;
				INFOPLIST_FILE = example/Info.plist;
				INFOPLIST_KEY_UIApplicationSupportsIndirectInputEvents = YES;
				INFOPLIST_KEY_UILaunchStoryboardName = LaunchScreen;
				INFOPLIST_KEY_UISupportedInterfaceOrientations_iPad = "UIInterfaceOrientationPortrait UIInterfaceOrientationPortraitUpsideDown UIInterfaceOrientationLandscapeLeft UIInterfaceOrientationLandscapeRight";
				INFOPLIST_KEY_UISupportedInterfaceOrientations_iPhone = "UIInterfaceOrientationPortrait UIInterfaceOrientationLandscapeLeft UIInterfaceOrientationLandscapeRight";
				LD_RUNPATH_SEARCH_PATHS = (
					"$(inherited)",
					"@executable_path/Frameworks",
				);
				MARKETING_VERSION = 1.0;
				PRODUCT_BUNDLE_IDENTIFIER = com.extendedvision.example;
				PRODUCT_NAME = "$(TARGET_NAME)";
				SWIFT_EMIT_LOC_STRINGS = YES;
				SWIFT_VERSION = 5.0;
				TARGETED_DEVICE_FAMILY = "1,2";
			};
			name = Release;
		};
		0358068329C34BD50081EC2F /* Debug */ = {
			isa = XCBuildConfiguration;
			buildSettings = {
				ALWAYS_EMBED_SWIFT_STANDARD_LIBRARIES = YES;
				BUNDLE_LOADER = "$(TEST_HOST)";
				CODE_SIGN_STYLE = Automatic;
				CURRENT_PROJECT_VERSION = 1;
				DEVELOPMENT_TEAM = 5Q8Z536ZDC;
				GENERATE_INFOPLIST_FILE = YES;
				IPHONEOS_DEPLOYMENT_TARGET = 16.2;
				MARKETING_VERSION = 1.0;
				PRODUCT_BUNDLE_IDENTIFIER = com.extendedvision.exampleTests;
				PRODUCT_NAME = "$(TARGET_NAME)";
				SWIFT_EMIT_LOC_STRINGS = NO;
				SWIFT_VERSION = 5.0;
				TARGETED_DEVICE_FAMILY = "1,2";
				TEST_HOST = "$(BUILT_PRODUCTS_DIR)/example.app/$(BUNDLE_EXECUTABLE_FOLDER_PATH)/example";
			};
			name = Debug;
		};
		0358068429C34BD50081EC2F /* Release */ = {
			isa = XCBuildConfiguration;
			buildSettings = {
				ALWAYS_EMBED_SWIFT_STANDARD_LIBRARIES = YES;
				BUNDLE_LOADER = "$(TEST_HOST)";
				CODE_SIGN_STYLE = Automatic;
				CURRENT_PROJECT_VERSION = 1;
				DEVELOPMENT_TEAM = 5Q8Z536ZDC;
				GENERATE_INFOPLIST_FILE = YES;
				IPHONEOS_DEPLOYMENT_TARGET = 16.2;
				MARKETING_VERSION = 1.0;
				PRODUCT_BUNDLE_IDENTIFIER = com.extendedvision.exampleTests;
				PRODUCT_NAME = "$(TARGET_NAME)";
				SWIFT_EMIT_LOC_STRINGS = NO;
				SWIFT_VERSION = 5.0;
				TARGETED_DEVICE_FAMILY = "1,2";
				TEST_HOST = "$(BUILT_PRODUCTS_DIR)/example.app/$(BUNDLE_EXECUTABLE_FOLDER_PATH)/example";
			};
			name = Release;
		};
		0358068629C34BD50081EC2F /* Debug */ = {
			isa = XCBuildConfiguration;
			buildSettings = {
				ALWAYS_EMBED_SWIFT_STANDARD_LIBRARIES = YES;
				CODE_SIGN_STYLE = Automatic;
				CURRENT_PROJECT_VERSION = 1;
				DEVELOPMENT_TEAM = 5Q8Z536ZDC;
				GENERATE_INFOPLIST_FILE = YES;
				MARKETING_VERSION = 1.0;
				PRODUCT_BUNDLE_IDENTIFIER = com.extendedvision.exampleUITests;
				PRODUCT_NAME = "$(TARGET_NAME)";
				SWIFT_EMIT_LOC_STRINGS = NO;
				SWIFT_VERSION = 5.0;
				TARGETED_DEVICE_FAMILY = "1,2";
				TEST_TARGET_NAME = example;
			};
			name = Debug;
		};
		0358068729C34BD50081EC2F /* Release */ = {
			isa = XCBuildConfiguration;
			buildSettings = {
				ALWAYS_EMBED_SWIFT_STANDARD_LIBRARIES = YES;
				CODE_SIGN_STYLE = Automatic;
				CURRENT_PROJECT_VERSION = 1;
				DEVELOPMENT_TEAM = 5Q8Z536ZDC;
				GENERATE_INFOPLIST_FILE = YES;
				MARKETING_VERSION = 1.0;
				PRODUCT_BUNDLE_IDENTIFIER = com.extendedvision.exampleUITests;
				PRODUCT_NAME = "$(TARGET_NAME)";
				SWIFT_EMIT_LOC_STRINGS = NO;
				SWIFT_VERSION = 5.0;
				TARGETED_DEVICE_FAMILY = "1,2";
				TEST_TARGET_NAME = example;
			};
			name = Release;
		};
/* End XCBuildConfiguration section */

/* Begin XCConfigurationList section */
		0358065029C34BD40081EC2F /* Build configuration list for PBXProject "example" */ = {
			isa = XCConfigurationList;
			buildConfigurations = (
				0358067D29C34BD50081EC2F /* Debug */,
				0358067E29C34BD50081EC2F /* Release */,
			);
			defaultConfigurationIsVisible = 0;
			defaultConfigurationName = Release;
		};
		0358067F29C34BD50081EC2F /* Build configuration list for PBXNativeTarget "example" */ = {
			isa = XCConfigurationList;
			buildConfigurations = (
				0358068029C34BD50081EC2F /* Debug */,
				0358068129C34BD50081EC2F /* Release */,
			);
			defaultConfigurationIsVisible = 0;
			defaultConfigurationName = Release;
		};
		0358068229C34BD50081EC2F /* Build configuration list for PBXNativeTarget "exampleTests" */ = {
			isa = XCConfigurationList;
			buildConfigurations = (
				0358068329C34BD50081EC2F /* Debug */,
				0358068429C34BD50081EC2F /* Release */,
			);
			defaultConfigurationIsVisible = 0;
			defaultConfigurationName = Release;
		};
		0358068529C34BD50081EC2F /* Build configuration list for PBXNativeTarget "exampleUITests" */ = {
			isa = XCConfigurationList;
			buildConfigurations = (
				0358068629C34BD50081EC2F /* Debug */,
				0358068729C34BD50081EC2F /* Release */,
			);
			defaultConfigurationIsVisible = 0;
			defaultConfigurationName = Release;
		};
/* End XCConfigurationList section */
	};
	rootObject = 0358064D29C34BD40081EC2F /* Project object */;
}
